
Microsoft Visual Studio Solution File, Format Version 12.00
# Visual Studio Version 16
VisualStudioVersion = 16.0.30503.244
MinimumVisualStudioVersion = 10.0.40219.1
Project("{FAE04EC0-301F-11D3-BF4B-00C04F79EFBC}") = "DemoWebSite - Complete", "DemoWebSite - Complete\DemoWebSite - Complete.csproj", "{506B79F8-F7DA-424C-9726-0D5C76632080}"
EndProject
Global
	GlobalSection(SolutionConfigurationPlatforms) = preSolution
		Debug|Any CPU = Debug|Any CPU
		Release|Any CPU = Release|Any CPU
	EndGlobalSection
	GlobalSection(ProjectConfigurationPlatforms) = postSolution
		{506B79F8-F7DA-424C-9726-0D5C76632080}.Debug|Any CPU.ActiveCfg = Debug|Any CPU
		{506B79F8-F7DA-424C-9726-0D5C76632080}.Debug|Any CPU.Build.0 = Debug|Any CPU
		{506B79F8-F7DA-424C-9726-0D5C76632080}.Release|Any CPU.ActiveCfg = Release|Any CPU
		{506B79F8-F7DA-424C-9726-0D5C76632080}.Release|Any CPU.Build.0 = Release|Any CPU
	EndGlobalSection
	GlobalSection(SolutionProperties) = preSolution
		HideSolutionNode = FALSE
	EndGlobalSection
	GlobalSection(ExtensibilityGlobals) = postSolution
		SolutionGuid = {8DF990F8-8B27-44DE-961C-5760AD25A3DD}
	EndGlobalSection
EndGlobal
